
Microsoft Visual Studio Solution File, Format Version 12.00
# Visual Studio 2012
Project("{FAE04EC0-301F-11D3-BF4B-00C04F79EFBC}") = "EventFoundryAndroid", "EventFoundryAndroid\EventFoundryAndroid.csproj", "{F19D77D9-948F-4171-8341-8D5402FD1A4B}"
EndProject
Project("{FAE04EC0-301F-11D3-BF4B-00C04F79EFBC}") = "EventFoundryiOS", "EventFoundryiOS\EventFoundryiOS.csproj", "{485631FC-4E94-4ABC-8173-AAE868577476}"
EndProject
Global
	GlobalSection(SolutionConfigurationPlatforms) = preSolution
		Debug|Any CPU = Debug|Any CPU
		Release|Any CPU = Release|Any CPU
		Debug|iPhoneSimulator = Debug|iPhoneSimulator
		Release|iPhoneSimulator = Release|iPhoneSimulator
		Debug|iPhone = Debug|iPhone
		Release|iPhone = Release|iPhone
		Ad-Hoc|iPhone = Ad-Hoc|iPhone
		AppStore|iPhone = AppStore|iPhone
	EndGlobalSection
	GlobalSection(ProjectConfigurationPlatforms) = postSolution
		{485631FC-4E94-4ABC-8173-AAE868577476}.Ad-Hoc|iPhone.ActiveCfg = Ad-Hoc|iPhone
		{485631FC-4E94-4ABC-8173-AAE868577476}.Ad-Hoc|iPhone.Build.0 = Ad-Hoc|iPhone
		{485631FC-4E94-4ABC-8173-AAE868577476}.AppStore|iPhone.ActiveCfg = AppStore|iPhone
		{485631FC-4E94-4ABC-8173-AAE868577476}.AppStore|iPhone.Build.0 = AppStore|iPhone
		{485631FC-4E94-4ABC-8173-AAE868577476}.Debug|Any CPU.ActiveCfg = Debug|iPhoneSimulator
		{485631FC-4E94-4ABC-8173-AAE868577476}.Debug|Any CPU.Build.0 = Debug|iPhoneSimulator
		{485631FC-4E94-4ABC-8173-AAE868577476}.Debug|iPhone.ActiveCfg = Debug|iPhone
		{485631FC-4E94-4ABC-8173-AAE868577476}.Debug|iPhone.Build.0 = Debug|iPhone
		{485631FC-4E94-4ABC-8173-AAE868577476}.Debug|iPhoneSimulator.ActiveCfg = Debug|iPhoneSimulator
		{485631FC-4E94-4ABC-8173-AAE868577476}.Debug|iPhoneSimulator.Build.0 = Debug|iPhoneSimulator
		{485631FC-4E94-4ABC-8173-AAE868577476}.Release|Any CPU.ActiveCfg = Release|iPhoneSimulator
		{485631FC-4E94-4ABC-8173-AAE868577476}.Release|Any CPU.Build.0 = Release|iPhoneSimulator
		{485631FC-4E94-4ABC-8173-AAE868577476}.Release|iPhone.ActiveCfg = Release|iPhone
		{485631FC-4E94-4ABC-8173-AAE868577476}.Release|iPhone.Build.0 = Release|iPhone
		{485631FC-4E94-4ABC-8173-AAE868577476}.Release|iPhoneSimulator.ActiveCfg = Release|iPhoneSimulator
		{485631FC-4E94-4ABC-8173-AAE868577476}.Release|iPhoneSimulator.Build.0 = Release|iPhoneSimulator
		{F19D77D9-948F-4171-8341-8D5402FD1A4B}.Ad-Hoc|iPhone.ActiveCfg = Debug|Any CPU
		{F19D77D9-948F-4171-8341-8D5402FD1A4B}.Ad-Hoc|iPhone.Build.0 = Debug|Any CPU
		{F19D77D9-948F-4171-8341-8D5402FD1A4B}.AppStore|iPhone.ActiveCfg = Debug|Any CPU
		{F19D77D9-948F-4171-8341-8D5402FD1A4B}.AppStore|iPhone.Build.0 = Debug|Any CPU
		{F19D77D9-948F-4171-8341-8D5402FD1A4B}.Debug|Any CPU.ActiveCfg = Debug|Any CPU
		{F19D77D9-948F-4171-8341-8D5402FD1A4B}.Debug|Any CPU.Build.0 = Debug|Any CPU
		{F19D77D9-948F-4171-8341-8D5402FD1A4B}.Debug|iPhone.ActiveCfg = Debug|Any CPU
		{F19D77D9-948F-4171-8341-8D5402FD1A4B}.Debug|iPhone.Build.0 = Debug|Any CPU
		{F19D77D9-948F-4171-8341-8D5402FD1A4B}.Debug|iPhoneSimulator.ActiveCfg = Debug|Any CPU
		{F19D77D9-948F-4171-8341-8D5402FD1A4B}.Debug|iPhoneSimulator.Build.0 = Debug|Any CPU
		{F19D77D9-948F-4171-8341-8D5402FD1A4B}.Release|Any CPU.ActiveCfg = Release|Any CPU
		{F19D77D9-948F-4171-8341-8D5402FD1A4B}.Release|Any CPU.Build.0 = Release|Any CPU
		{F19D77D9-948F-4171-8341-8D5402FD1A4B}.Release|iPhone.ActiveCfg = Release|Any CPU
		{F19D77D9-948F-4171-8341-8D5402FD1A4B}.Release|iPhone.Build.0 = Release|Any CPU
		{F19D77D9-948F-4171-8341-8D5402FD1A4B}.Release|iPhoneSimulator.ActiveCfg = Release|Any CPU
		{F19D77D9-948F-4171-8341-8D5402FD1A4B}.Release|iPhoneSimulator.Build.0 = Release|Any CPU
	EndGlobalSection
	GlobalSection(MonoDevelopProperties) = preSolution
		StartupItem = EventFoundryiOS\EventFoundryiOS.csproj
	EndGlobalSection
EndGlobal
